// !$*UTF8*$!
{
	archiveVersion = 1;
	classes = {
	};
	objectVersion = 46;
	objects = {

/* Begin PBXBuildFile section */
		5DF1A71F19E03C33006B4FF8 /* AppDelegate.swift in Sources */ = {isa = PBXBuildFile; fileRef = 5DF1A71E19E03C33006B4FF8 /* AppDelegate.swift */; };
		5DF1A72119E03C33006B4FF8 /* Ng354ViewController.swift in Sources */ = {isa = PBXBuildFile; fileRef = 5DF1A72019E03C33006B4FF8 /* Ng354ViewController.swift */; };
		5DF1A72419E03C33006B4FF8 /* Main.storyboard in Resources */ = {isa = PBXBuildFile; fileRef = 5DF1A72219E03C33006B4FF8 /* Main.storyboard */; };
		5DF1A72619E03C33006B4FF8 /* Images.xcassets in Resources */ = {isa = PBXBuildFile; fileRef = 5DF1A72519E03C33006B4FF8 /* Images.xcassets */; };
		5DF1A72919E03C33006B4FF8 /* LaunchScreen.xib in Resources */ = {isa = PBXBuildFile; fileRef = 5DF1A72719E03C33006B4FF8 /* LaunchScreen.xib */; };
		5DF1A73519E03C34006B4FF8 /* Ng354_P3Tests.swift in Sources */ = {isa = PBXBuildFile; fileRef = 5DF1A73419E03C34006B4FF8 /* Ng354_P3Tests.swift */; };
		5DF1A74119E0498D006B4FF8 /* redArenaViewController.swift in Sources */ = {isa = PBXBuildFile; fileRef = 5DF1A74019E0498D006B4FF8 /* redArenaViewController.swift */; };
		5DF1A74319E04D17006B4FF8 /* blueArenaViewController.swift in Sources */ = {isa = PBXBuildFile; fileRef = 5DF1A74219E04D17006B4FF8 /* blueArenaViewController.swift */; };
/* End PBXBuildFile section */

/* Begin PBXContainerItemProxy section */
		5DF1A72F19E03C34006B4FF8 /* PBXContainerItemProxy */ = {
			isa = PBXContainerItemProxy;
			containerPortal = 5DF1A71119E03C33006B4FF8 /* Project object */;
			proxyType = 1;
			remoteGlobalIDString = 5DF1A71819E03C33006B4FF8;
			remoteInfo = Ng354_P3;
		};
/* End PBXContainerItemProxy section */

/* Begin PBXFileReference section */
		5DF1A71919E03C33006B4FF8 /* Ng354_P3.app */ = {isa = PBXFileReference; explicitFileType = wrapper.application; includeInIndex = 0; path = Ng354_P3.app; sourceTree = BUILT_PRODUCTS_DIR; };
		5DF1A71D19E03C33006B4FF8 /* Info.plist */ = {isa = PBXFileReference; lastKnownFileType = text.plist.xml; path = Info.plist; sourceTree = "<group>"; };
		5DF1A71E19E03C33006B4FF8 /* AppDelegate.swift */ = {isa = PBXFileReference; lastKnownFileType = sourcecode.swift; path = AppDelegate.swift; sourceTree = "<group>"; };
		5DF1A72019E03C33006B4FF8 /* Ng354ViewController.swift */ = {isa = PBXFileReference; lastKnownFileType = sourcecode.swift; path = Ng354ViewController.swift; sourceTree = "<group>"; };
		5DF1A72319E03C33006B4FF8 /* Base */ = {isa = PBXFileReference; lastKnownFileType = file.storyboard; name = Base; path = Base.lproj/Main.storyboard; sourceTree = "<group>"; };
		5DF1A72519E03C33006B4FF8 /* Images.xcassets */ = {isa = PBXFileReference; lastKnownFileType = folder.assetcatalog; path = Images.xcassets; sourceTree = "<group>"; };
		5DF1A72819E03C33006B4FF8 /* Base */ = {isa = PBXFileReference; lastKnownFileType = file.xib; name = Base; path = Base.lproj/LaunchScreen.xib; sourceTree = "<group>"; };
		5DF1A72E19E03C34006B4FF8 /* Ng354_P3Tests.xctest */ = {isa = PBXFileReference; explicitFileType = wrapper.cfbundle; includeInIndex = 0; path = Ng354_P3Tests.xctest; sourceTree = BUILT_PRODUCTS_DIR; };
		5DF1A73319E03C34006B4FF8 /* Info.plist */ = {isa = PBXFileReference; lastKnownFileType = text.plist.xml; path = Info.plist; sourceTree = "<group>"; };
		5DF1A73419E03C34006B4FF8 /* Ng354_P3Tests.swift */ = {isa = PBXFileReference; lastKnownFileType = sourcecode.swift; path = Ng354_P3Tests.swift; sourceTree = "<group>"; };
		5DF1A74019E0498D006B4FF8 /* redArenaViewController.swift */ = {isa = PBXFileReference; fileEncoding = 4; lastKnownFileType = sourcecode.swift; path = redArenaViewController.swift; sourceTree = "<group>"; };
		5DF1A74219E04D17006B4FF8 /* blueArenaViewController.swift */ = {isa = PBXFileReference; fileEncoding = 4; lastKnownFileType = sourcecode.swift; path = blueArenaViewController.swift; sourceTree = "<group>"; };
/* End PBXFileReference section */

/* Begin PBXFrameworksBuildPhase section */
		5DF1A71619E03C33006B4FF8 /* Frameworks */ = {
			isa = PBXFrameworksBuildPhase;
			buildActionMask = 2147483647;
			files = (
			);
			runOnlyForDeploymentPostprocessing = 0;
		};
		5DF1A72B19E03C34006B4FF8 /* Frameworks */ = {
			isa = PBXFrameworksBuildPhase;
			buildActionMask = 2147483647;
			files = (
			);
			runOnlyForDeploymentPostprocessing = 0;
		};
/* End PBXFrameworksBuildPhase section */

/* Begin PBXGroup section */
		5DF1A71019E03C33006B4FF8 = {
			isa = PBXGroup;
			children = (
				5DF1A71B19E03C33006B4FF8 /* Ng354_P3 */,
				5DF1A73119E03C34006B4FF8 /* Ng354_P3Tests */,
				5DF1A71A19E03C33006B4FF8 /* Products */,
			);
			sourceTree = "<group>";
		};
		5DF1A71A19E03C33006B4FF8 /* Products */ = {
			isa = PBXGroup;
			children = (
				5DF1A71919E03C33006B4FF8 /* Ng354_P3.app */,
				5DF1A72E19E03C34006B4FF8 /* Ng354_P3Tests.xctest */,
			);
			name = Products;
			sourceTree = "<group>";
		};
		5DF1A71B19E03C33006B4FF8 /* Ng354_P3 */ = {
			isa = PBXGroup;
			children = (
				5DF1A71E19E03C33006B4FF8 /* AppDelegate.swift */,
				5DF1A72019E03C33006B4FF8 /* Ng354ViewController.swift */,
				5DF1A72219E03C33006B4FF8 /* Main.storyboard */,
				5DF1A74019E0498D006B4FF8 /* redArenaViewController.swift */,
				5DF1A74219E04D17006B4FF8 /* blueArenaViewController.swift */,
				5DF1A72519E03C33006B4FF8 /* Images.xcassets */,
				5DF1A72719E03C33006B4FF8 /* LaunchScreen.xib */,
				5DF1A71C19E03C33006B4FF8 /* Supporting Files */,
			);
			path = Ng354_P3;
			sourceTree = "<group>";
		};
		5DF1A71C19E03C33006B4FF8 /* Supporting Files */ = {
			isa = PBXGroup;
			children = (
				5DF1A71D19E03C33006B4FF8 /* Info.plist */,
			);
			name = "Supporting Files";
			sourceTree = "<group>";
		};
		5DF1A73119E03C34006B4FF8 /* Ng354_P3Tests */ = {
			isa = PBXGroup;
			children = (
				5DF1A73419E03C34006B4FF8 /* Ng354_P3Tests.swift */,
				5DF1A73219E03C34006B4FF8 /* Supporting Files */,
			);
			path = Ng354_P3Tests;
			sourceTree = "<group>";
		};
		5DF1A73219E03C34006B4FF8 /* Supporting Files */ = {
			isa = PBXGroup;
			children = (
				5DF1A73319E03C34006B4FF8 /* Info.plist */,
			);
			name = "Supporting Files";
			sourceTree = "<group>";
		};
/* End PBXGroup section */

/* Begin PBXNativeTarget section */
		5DF1A71819E03C33006B4FF8 /* Ng354_P3 */ = {
			isa = PBXNativeTarget;
			buildConfigurationList = 5DF1A73819E03C34006B4FF8 /* Build configuration list for PBXNativeTarget "Ng354_P3" */;
			buildPhases = (
				5DF1A71519E03C33006B4FF8 /* Sources */,
				5DF1A71619E03C33006B4FF8 /* Frameworks */,
				5DF1A71719E03C33006B4FF8 /* Resources */,
			);
			buildRules = (
			);
			dependencies = (
			);
			name = Ng354_P3;
			productName = Ng354_P3;
			productReference = 5DF1A71919E03C33006B4FF8 /* Ng354_P3.app */;
			productType = "com.apple.product-type.application";
		};
		5DF1A72D19E03C34006B4FF8 /* Ng354_P3Tests */ = {
			isa = PBXNativeTarget;
			buildConfigurationList = 5DF1A73B19E03C34006B4FF8 /* Build configuration list for PBXNativeTarget "Ng354_P3Tests" */;
			buildPhases = (
				5DF1A72A19E03C34006B4FF8 /* Sources */,
				5DF1A72B19E03C34006B4FF8 /* Frameworks */,
				5DF1A72C19E03C34006B4FF8 /* Resources */,
			);
			buildRules = (
			);
			dependencies = (
				5DF1A73019E03C34006B4FF8 /* PBXTargetDependency */,
			);
			name = Ng354_P3Tests;
			productName = Ng354_P3Tests;
			productReference = 5DF1A72E19E03C34006B4FF8 /* Ng354_P3Tests.xctest */;
			productType = "com.apple.product-type.bundle.unit-test";
		};
/* End PBXNativeTarget section */

/* Begin PBXProject section */
		5DF1A71119E03C33006B4FF8 /* Project object */ = {
			isa = PBXProject;
			attributes = {
				LastUpgradeCheck = 0600;
				ORGANIZATIONNAME = "Nikita Gupta";
				TargetAttributes = {
					5DF1A71819E03C33006B4FF8 = {
						CreatedOnToolsVersion = 6.0.1;
					};
					5DF1A72D19E03C34006B4FF8 = {
						CreatedOnToolsVersion = 6.0.1;
						TestTargetID = 5DF1A71819E03C33006B4FF8;
					};
				};
			};
			buildConfigurationList = 5DF1A71419E03C33006B4FF8 /* Build configuration list for PBXProject "Ng354_P3" */;
			compatibilityVersion = "Xcode 3.2";
			developmentRegion = English;
			hasScannedForEncodings = 0;
			knownRegions = (
				en,
				Base,
			);
			mainGroup = 5DF1A71019E03C33006B4FF8;
			productRefGroup = 5DF1A71A19E03C33006B4FF8 /* Products */;
			projectDirPath = "";
			projectRoot = "";
			targets = (
				5DF1A71819E03C33006B4FF8 /* Ng354_P3 */,
				5DF1A72D19E03C34006B4FF8 /* Ng354_P3Tests */,
			);
		};
/* End PBXProject section */

/* Begin PBXResourcesBuildPhase section */
		5DF1A71719E03C33006B4FF8 /* Resources */ = {
			isa = PBXResourcesBuildPhase;
			buildActionMask = 2147483647;
			files = (
				5DF1A72419E03C33006B4FF8 /* Main.storyboard in Resources */,
				5DF1A72919E03C33006B4FF8 /* LaunchScreen.xib in Resources */,
				5DF1A72619E03C33006B4FF8 /* Images.xcassets in Resources */,
			);
			runOnlyForDeploymentPostprocessing = 0;
		};
		5DF1A72C19E03C34006B4FF8 /* Resources */ = {
			isa = PBXResourcesBuildPhase;
			buildActionMask = 2147483647;
			files = (
			);
			runOnlyForDeploymentPostprocessing = 0;
		};
/* End PBXResourcesBuildPhase section */

/* Begin PBXSourcesBuildPhase section */
		5DF1A71519E03C33006B4FF8 /* Sources */ = {
			isa = PBXSourcesBuildPhase;
			buildActionMask = 2147483647;
			files = (
				5DF1A72119E03C33006B4FF8 /* Ng354ViewController.swift in Sources */,
				5DF1A71F19E03C33006B4FF8 /* AppDelegate.swift in Sources */,
				5DF1A74319E04D17006B4FF8 /* blueArenaViewController.swift in Sources */,
				5DF1A74119E0498D006B4FF8 /* redArenaViewController.swift in Sources */,
			);
			runOnlyForDeploymentPostprocessing = 0;
		};
		5DF1A72A19E03C34006B4FF8 /* Sources */ = {
			isa = PBXSourcesBuildPhase;
			buildActionMask = 2147483647;
			files = (
				5DF1A73519E03C34006B4FF8 /* Ng354_P3Tests.swift in Sources */,
			);
			runOnlyForDeploymentPostprocessing = 0;
		};
/* End PBXSourcesBuildPhase section */

/* Begin PBXTargetDependency section */
		5DF1A73019E03C34006B4FF8 /* PBXTargetDependency */ = {
			isa = PBXTargetDependency;
			target = 5DF1A71819E03C33006B4FF8 /* Ng354_P3 */;
			targetProxy = 5DF1A72F19E03C34006B4FF8 /* PBXContainerItemProxy */;
		};
/* End PBXTargetDependency section */

/* Begin PBXVariantGroup section */
		5DF1A72219E03C33006B4FF8 /* Main.storyboard */ = {
			isa = PBXVariantGroup;
			children = (
				5DF1A72319E03C33006B4FF8 /* Base */,
			);
			name = Main.storyboard;
			sourceTree = "<group>";
		};
		5DF1A72719E03C33006B4FF8 /* LaunchScreen.xib */ = {
			isa = PBXVariantGroup;
			children = (
				5DF1A72819E03C33006B4FF8 /* Base */,
			);
			name = LaunchScreen.xib;
			sourceTree = "<group>";
		};
/* End PBXVariantGroup section */

/* Begin XCBuildConfiguration section */
		5DF1A73619E03C34006B4FF8 /* Debug */ = {
			isa = XCBuildConfiguration;
			buildSettings = {
				ALWAYS_SEARCH_USER_PATHS = NO;
				CLANG_CXX_LANGUAGE_STANDARD = "gnu++0x";
				CLANG_CXX_LIBRARY = "libc++";
				CLANG_ENABLE_MODULES = YES;
				CLANG_ENABLE_OBJC_ARC = YES;
				CLANG_WARN_BOOL_CONVERSION = YES;
				CLANG_WARN_CONSTANT_CONVERSION = YES;
				CLANG_WARN_DIRECT_OBJC_ISA_USAGE = YES_ERROR;
				CLANG_WARN_EMPTY_BODY = YES;
				CLANG_WARN_ENUM_CONVERSION = YES;
				CLANG_WARN_INT_CONVERSION = YES;
				CLANG_WARN_OBJC_ROOT_CLASS = YES_ERROR;
				CLANG_WARN_UNREACHABLE_CODE = YES;
				CLANG_WARN__DUPLICATE_METHOD_MATCH = YES;
				"CODE_SIGN_IDENTITY[sdk=iphoneos*]" = "iPhone Developer";
				COPY_PHASE_STRIP = NO;
				ENABLE_STRICT_OBJC_MSGSEND = YES;
				GCC_C_LANGUAGE_STANDARD = gnu99;
				GCC_DYNAMIC_NO_PIC = NO;
				GCC_OPTIMIZATION_LEVEL = 0;
				GCC_PREPROCESSOR_DEFINITIONS = (
					"DEBUG=1",
					"$(inherited)",
				);
				GCC_SYMBOLS_PRIVATE_EXTERN = NO;
				GCC_WARN_64_TO_32_BIT_CONVERSION = YES;
				GCC_WARN_ABOUT_RETURN_TYPE = YES_ERROR;
				GCC_WARN_UNDECLARED_SELECTOR = YES;
				GCC_WARN_UNINITIALIZED_AUTOS = YES_AGGRESSIVE;
				GCC_WARN_UNUSED_FUNCTION = YES;
				GCC_WARN_UNUSED_VARIABLE = YES;
				IPHONEOS_DEPLOYMENT_TARGET = 8.0;
				MTL_ENABLE_DEBUG_INFO = YES;
				ONLY_ACTIVE_ARCH = YES;
				SDKROOT = iphoneos;
				SWIFT_OPTIMIZATION_LEVEL = "-Onone";
			};
			name = Debug;
		};
		5DF1A73719E03C34006B4FF8 /* Release */ = {
			isa = XCBuildConfiguration;
			buildSettings = {
				ALWAYS_SEARCH_USER_PATHS = NO;
				CLANG_CXX_LANGUAGE_STANDARD = "gnu++0x";
				CLANG_CXX_LIBRARY = "libc++";
				CLANG_ENABLE_MODULES = YES;
				CLANG_ENABLE_OBJC_ARC = YES;
				CLANG_WARN_BOOL_CONVERSION = YES;
				CLANG_WARN_CONSTANT_CONVERSION = YES;
				CLANG_WARN_DIRECT_OBJC_ISA_USAGE = YES_ERROR;
				CLANG_WARN_EMPTY_BODY = YES;
				CLANG_WARN_ENUM_CONVERSION = YES;
				CLANG_WARN_INT_CONVERSION = YES;
				CLANG_WARN_OBJC_ROOT_CLASS = YES_ERROR;
				CLANG_WARN_UNREACHABLE_CODE = YES;
				CLANG_WARN__DUPLICATE_METHOD_MATCH = YES;
				"CODE_SIGN_IDENTITY[sdk=iphoneos*]" = "iPhone Developer";
				COPY_PHASE_STRIP = YES;
				ENABLE_NS_ASSERTIONS = NO;
				ENABLE_STRICT_OBJC_MSGSEND = YES;
				GCC_C_LANGUAGE_STANDARD = gnu99;
				GCC_WARN_64_TO_32_BIT_CONVERSION = YES;
				GCC_WARN_ABOUT_RETURN_TYPE = YES_ERROR;
				GCC_WARN_UNDECLARED_SELECTOR = YES;
				GCC_WARN_UNINITIALIZED_AUTOS = YES_AGGRESSIVE;
				GCC_WARN_UNUSED_FUNCTION = YES;
				GCC_WARN_UNUSED_VARIABLE = YES;
				IPHONEOS_DEPLOYMENT_TARGET = 8.0;
				MTL_ENABLE_DEBUG_INFO = NO;
				SDKROOT = iphoneos;
				VALIDATE_PRODUCT = YES;
			};
			name = Release;
		};
		5DF1A73919E03C34006B4FF8 /* Debug */ = {
			isa = XCBuildConfiguration;
			buildSettings = {
				ASSETCATALOG_COMPILER_APPICON_NAME = AppIcon;
				INFOPLIST_FILE = Ng354_P3/Info.plist;
				LD_RUNPATH_SEARCH_PATHS = "$(inherited) @executable_path/Frameworks";
				PRODUCT_NAME = "$(TARGET_NAME)";
			};
			name = Debug;
		};
		5DF1A73A19E03C34006B4FF8 /* Release */ = {
			isa = XCBuildConfiguration;
			buildSettings = {
				ASSETCATALOG_COMPILER_APPICON_NAME = AppIcon;
				INFOPLIST_FILE = Ng354_P3/Info.plist;
				LD_RUNPATH_SEARCH_PATHS = "$(inherited) @executable_path/Frameworks";
				PRODUCT_NAME = "$(TARGET_NAME)";
			};
			name = Release;
		};
		5DF1A73C19E03C34006B4FF8 /* Debug */ = {
			isa = XCBuildConfiguration;
			buildSettings = {
				BUNDLE_LOADER = "$(TEST_HOST)";
				FRAMEWORK_SEARCH_PATHS = (
					"$(SDKROOT)/Developer/Library/Frameworks",
					"$(inherited)",
				);
				GCC_PREPROCESSOR_DEFINITIONS = (
					"DEBUG=1",
					"$(inherited)",
				);
				INFOPLIST_FILE = Ng354_P3Tests/Info.plist;
				LD_RUNPATH_SEARCH_PATHS = "$(inherited) @executable_path/Frameworks @loader_path/Frameworks";
				PRODUCT_NAME = "$(TARGET_NAME)";
				TEST_HOST = "$(BUILT_PRODUCTS_DIR)/Ng354_P3.app/Ng354_P3";
			};
			name = Debug;
		};
		5DF1A73D19E03C34006B4FF8 /* Release */ = {
			isa = XCBuildConfiguration;
			buildSettings = {
				BUNDLE_LOADER = "$(TEST_HOST)";
				FRAMEWORK_SEARCH_PATHS = (
					"$(SDKROOT)/Developer/Library/Frameworks",
					"$(inherited)",
				);
				INFOPLIST_FILE = Ng354_P3Tests/Info.plist;
				LD_RUNPATH_SEARCH_PATHS = "$(inherited) @executable_path/Frameworks @loader_path/Frameworks";
				PRODUCT_NAME = "$(TARGET_NAME)";
				TEST_HOST = "$(BUILT_PRODUCTS_DIR)/Ng354_P3.app/Ng354_P3";
			};
			name = Release;
		};
/* End XCBuildConfiguration section */

/* Begin XCConfigurationList section */
		5DF1A71419E03C33006B4FF8 /* Build configuration list for PBXProject "Ng354_P3" */ = {
			isa = XCConfigurationList;
			buildConfigurations = (
				5DF1A73619E03C34006B4FF8 /* Debug */,
				5DF1A73719E03C34006B4FF8 /* Release */,
			);
			defaultConfigurationIsVisible = 0;
			defaultConfigurationName = Release;
		};
		5DF1A73819E03C34006B4FF8 /* Build configuration list for PBXNativeTarget "Ng354_P3" */ = {
			isa = XCConfigurationList;
			buildConfigurations = (
				5DF1A73919E03C34006B4FF8 /* Debug */,
				5DF1A73A19E03C34006B4FF8 /* Release */,
			);
			defaultConfigurationIsVisible = 0;
		};
		5DF1A73B19E03C34006B4FF8 /* Build configuration list for PBXNativeTarget "Ng354_P3Tests" */ = {
			isa = XCConfigurationList;
			buildConfigurations = (
				5DF1A73C19E03C34006B4FF8 /* Debug */,
				5DF1A73D19E03C34006B4FF8 /* Release */,
			);
			defaultConfigurationIsVisible = 0;
		};
/* End XCConfigurationList section */
	};
	rootObject = 5DF1A71119E03C33006B4FF8 /* Project object */;
}
