// !$*UTF8*$!
{
	archiveVersion = 1;
	classes = {
	};
	objectVersion = 46;
	objects = {

/* Begin PBXBuildFile section */
		5DCF6DB11A07C2E900AF3715 /* AppDelegate.swift in Sources */ = {isa = PBXBuildFile; fileRef = 5DCF6DB01A07C2E900AF3715 /* AppDelegate.swift */; };
		5DCF6DB31A07C2E900AF3715 /* Ng354ViewController.swift in Sources */ = {isa = PBXBuildFile; fileRef = 5DCF6DB21A07C2E900AF3715 /* Ng354ViewController.swift */; };
		5DCF6DB61A07C2E900AF3715 /* Main.storyboard in Resources */ = {isa = PBXBuildFile; fileRef = 5DCF6DB41A07C2E900AF3715 /* Main.storyboard */; };
		5DCF6DB81A07C2E900AF3715 /* Images.xcassets in Resources */ = {isa = PBXBuildFile; fileRef = 5DCF6DB71A07C2E900AF3715 /* Images.xcassets */; };
		5DCF6DBB1A07C2E900AF3715 /* LaunchScreen.xib in Resources */ = {isa = PBXBuildFile; fileRef = 5DCF6DB91A07C2E900AF3715 /* LaunchScreen.xib */; };
		5DCF6DC71A07C2E900AF3715 /* Ng354_P6Tests.swift in Sources */ = {isa = PBXBuildFile; fileRef = 5DCF6DC61A07C2E900AF3715 /* Ng354_P6Tests.swift */; };
/* End PBXBuildFile section */

/* Begin PBXContainerItemProxy section */
		5DCF6DC11A07C2E900AF3715 /* PBXContainerItemProxy */ = {
			isa = PBXContainerItemProxy;
			containerPortal = 5DCF6DA31A07C2E800AF3715 /* Project object */;
			proxyType = 1;
			remoteGlobalIDString = 5DCF6DAA1A07C2E900AF3715;
			remoteInfo = Ng354_P6;
		};
/* End PBXContainerItemProxy section */

/* Begin PBXFileReference section */
		5DCF6DAB1A07C2E900AF3715 /* Ng354_P6.app */ = {isa = PBXFileReference; explicitFileType = wrapper.application; includeInIndex = 0; path = Ng354_P6.app; sourceTree = BUILT_PRODUCTS_DIR; };
		5DCF6DAF1A07C2E900AF3715 /* Info.plist */ = {isa = PBXFileReference; lastKnownFileType = text.plist.xml; path = Info.plist; sourceTree = "<group>"; };
		5DCF6DB01A07C2E900AF3715 /* AppDelegate.swift */ = {isa = PBXFileReference; lastKnownFileType = sourcecode.swift; path = AppDelegate.swift; sourceTree = "<group>"; };
		5DCF6DB21A07C2E900AF3715 /* Ng354ViewController.swift */ = {isa = PBXFileReference; lastKnownFileType = sourcecode.swift; path = Ng354ViewController.swift; sourceTree = "<group>"; };
		5DCF6DB51A07C2E900AF3715 /* Base */ = {isa = PBXFileReference; lastKnownFileType = file.storyboard; name = Base; path = Base.lproj/Main.storyboard; sourceTree = "<group>"; };
		5DCF6DB71A07C2E900AF3715 /* Images.xcassets */ = {isa = PBXFileReference; lastKnownFileType = folder.assetcatalog; path = Images.xcassets; sourceTree = "<group>"; };
		5DCF6DBA1A07C2E900AF3715 /* Base */ = {isa = PBXFileReference; lastKnownFileType = file.xib; name = Base; path = Base.lproj/LaunchScreen.xib; sourceTree = "<group>"; };
		5DCF6DC01A07C2E900AF3715 /* Ng354_P6Tests.xctest */ = {isa = PBXFileReference; explicitFileType = wrapper.cfbundle; includeInIndex = 0; path = Ng354_P6Tests.xctest; sourceTree = BUILT_PRODUCTS_DIR; };
		5DCF6DC51A07C2E900AF3715 /* Info.plist */ = {isa = PBXFileReference; lastKnownFileType = text.plist.xml; path = Info.plist; sourceTree = "<group>"; };
		5DCF6DC61A07C2E900AF3715 /* Ng354_P6Tests.swift */ = {isa = PBXFileReference; lastKnownFileType = sourcecode.swift; path = Ng354_P6Tests.swift; sourceTree = "<group>"; };
/* End PBXFileReference section */

/* Begin PBXFrameworksBuildPhase section */
		5DCF6DA81A07C2E900AF3715 /* Frameworks */ = {
			isa = PBXFrameworksBuildPhase;
			buildActionMask = 2147483647;
			files = (
			);
			runOnlyForDeploymentPostprocessing = 0;
		};
		5DCF6DBD1A07C2E900AF3715 /* Frameworks */ = {
			isa = PBXFrameworksBuildPhase;
			buildActionMask = 2147483647;
			files = (
			);
			runOnlyForDeploymentPostprocessing = 0;
		};
/* End PBXFrameworksBuildPhase section */

/* Begin PBXGroup section */
		5DCF6DA21A07C2E800AF3715 = {
			isa = PBXGroup;
			children = (
				5DCF6DAD1A07C2E900AF3715 /* Ng354_P6 */,
				5DCF6DC31A07C2E900AF3715 /* Ng354_P6Tests */,
				5DCF6DAC1A07C2E900AF3715 /* Products */,
			);
			sourceTree = "<group>";
		};
		5DCF6DAC1A07C2E900AF3715 /* Products */ = {
			isa = PBXGroup;
			children = (
				5DCF6DAB1A07C2E900AF3715 /* Ng354_P6.app */,
				5DCF6DC01A07C2E900AF3715 /* Ng354_P6Tests.xctest */,
			);
			name = Products;
			sourceTree = "<group>";
		};
		5DCF6DAD1A07C2E900AF3715 /* Ng354_P6 */ = {
			isa = PBXGroup;
			children = (
				5DCF6DB01A07C2E900AF3715 /* AppDelegate.swift */,
				5DCF6DB21A07C2E900AF3715 /* Ng354ViewController.swift */,
				5DCF6DB41A07C2E900AF3715 /* Main.storyboard */,
				5DCF6DB71A07C2E900AF3715 /* Images.xcassets */,
				5DCF6DB91A07C2E900AF3715 /* LaunchScreen.xib */,
				5DCF6DAE1A07C2E900AF3715 /* Supporting Files */,
			);
			path = Ng354_P6;
			sourceTree = "<group>";
		};
		5DCF6DAE1A07C2E900AF3715 /* Supporting Files */ = {
			isa = PBXGroup;
			children = (
				5DCF6DAF1A07C2E900AF3715 /* Info.plist */,
			);
			name = "Supporting Files";
			sourceTree = "<group>";
		};
		5DCF6DC31A07C2E900AF3715 /* Ng354_P6Tests */ = {
			isa = PBXGroup;
			children = (
				5DCF6DC61A07C2E900AF3715 /* Ng354_P6Tests.swift */,
				5DCF6DC41A07C2E900AF3715 /* Supporting Files */,
			);
			path = Ng354_P6Tests;
			sourceTree = "<group>";
		};
		5DCF6DC41A07C2E900AF3715 /* Supporting Files */ = {
			isa = PBXGroup;
			children = (
				5DCF6DC51A07C2E900AF3715 /* Info.plist */,
			);
			name = "Supporting Files";
			sourceTree = "<group>";
		};
/* End PBXGroup section */

/* Begin PBXNativeTarget section */
		5DCF6DAA1A07C2E900AF3715 /* Ng354_P6 */ = {
			isa = PBXNativeTarget;
			buildConfigurationList = 5DCF6DCA1A07C2E900AF3715 /* Build configuration list for PBXNativeTarget "Ng354_P6" */;
			buildPhases = (
				5DCF6DA71A07C2E900AF3715 /* Sources */,
				5DCF6DA81A07C2E900AF3715 /* Frameworks */,
				5DCF6DA91A07C2E900AF3715 /* Resources */,
			);
			buildRules = (
			);
			dependencies = (
			);
			name = Ng354_P6;
			productName = Ng354_P6;
			productReference = 5DCF6DAB1A07C2E900AF3715 /* Ng354_P6.app */;
			productType = "com.apple.product-type.application";
		};
		5DCF6DBF1A07C2E900AF3715 /* Ng354_P6Tests */ = {
			isa = PBXNativeTarget;
			buildConfigurationList = 5DCF6DCD1A07C2E900AF3715 /* Build configuration list for PBXNativeTarget "Ng354_P6Tests" */;
			buildPhases = (
				5DCF6DBC1A07C2E900AF3715 /* Sources */,
				5DCF6DBD1A07C2E900AF3715 /* Frameworks */,
				5DCF6DBE1A07C2E900AF3715 /* Resources */,
			);
			buildRules = (
			);
			dependencies = (
				5DCF6DC21A07C2E900AF3715 /* PBXTargetDependency */,
			);
			name = Ng354_P6Tests;
			productName = Ng354_P6Tests;
			productReference = 5DCF6DC01A07C2E900AF3715 /* Ng354_P6Tests.xctest */;
			productType = "com.apple.product-type.bundle.unit-test";
		};
/* End PBXNativeTarget section */

/* Begin PBXProject section */
		5DCF6DA31A07C2E800AF3715 /* Project object */ = {
			isa = PBXProject;
			attributes = {
				LastUpgradeCheck = 0610;
				ORGANIZATIONNAME = "Nikita Gupta";
				TargetAttributes = {
					5DCF6DAA1A07C2E900AF3715 = {
						CreatedOnToolsVersion = 6.1;
					};
					5DCF6DBF1A07C2E900AF3715 = {
						CreatedOnToolsVersion = 6.1;
						TestTargetID = 5DCF6DAA1A07C2E900AF3715;
					};
				};
			};
			buildConfigurationList = 5DCF6DA61A07C2E800AF3715 /* Build configuration list for PBXProject "Ng354_P6" */;
			compatibilityVersion = "Xcode 3.2";
			developmentRegion = English;
			hasScannedForEncodings = 0;
			knownRegions = (
				en,
				Base,
			);
			mainGroup = 5DCF6DA21A07C2E800AF3715;
			productRefGroup = 5DCF6DAC1A07C2E900AF3715 /* Products */;
			projectDirPath = "";
			projectRoot = "";
			targets = (
				5DCF6DAA1A07C2E900AF3715 /* Ng354_P6 */,
				5DCF6DBF1A07C2E900AF3715 /* Ng354_P6Tests */,
			);
		};
/* End PBXProject section */

/* Begin PBXResourcesBuildPhase section */
		5DCF6DA91A07C2E900AF3715 /* Resources */ = {
			isa = PBXResourcesBuildPhase;
			buildActionMask = 2147483647;
			files = (
				5DCF6DB61A07C2E900AF3715 /* Main.storyboard in Resources */,
				5DCF6DBB1A07C2E900AF3715 /* LaunchScreen.xib in Resources */,
				5DCF6DB81A07C2E900AF3715 /* Images.xcassets in Resources */,
			);
			runOnlyForDeploymentPostprocessing = 0;
		};
		5DCF6DBE1A07C2E900AF3715 /* Resources */ = {
			isa = PBXResourcesBuildPhase;
			buildActionMask = 2147483647;
			files = (
			);
			runOnlyForDeploymentPostprocessing = 0;
		};
/* End PBXResourcesBuildPhase section */

/* Begin PBXSourcesBuildPhase section */
		5DCF6DA71A07C2E900AF3715 /* Sources */ = {
			isa = PBXSourcesBuildPhase;
			buildActionMask = 2147483647;
			files = (
				5DCF6DB31A07C2E900AF3715 /* Ng354ViewController.swift in Sources */,
				5DCF6DB11A07C2E900AF3715 /* AppDelegate.swift in Sources */,
			);
			runOnlyForDeploymentPostprocessing = 0;
		};
		5DCF6DBC1A07C2E900AF3715 /* Sources */ = {
			isa = PBXSourcesBuildPhase;
			buildActionMask = 2147483647;
			files = (
				5DCF6DC71A07C2E900AF3715 /* Ng354_P6Tests.swift in Sources */,
			);
			runOnlyForDeploymentPostprocessing = 0;
		};
/* End PBXSourcesBuildPhase section */

/* Begin PBXTargetDependency section */
		5DCF6DC21A07C2E900AF3715 /* PBXTargetDependency */ = {
			isa = PBXTargetDependency;
			target = 5DCF6DAA1A07C2E900AF3715 /* Ng354_P6 */;
			targetProxy = 5DCF6DC11A07C2E900AF3715 /* PBXContainerItemProxy */;
		};
/* End PBXTargetDependency section */

/* Begin PBXVariantGroup section */
		5DCF6DB41A07C2E900AF3715 /* Main.storyboard */ = {
			isa = PBXVariantGroup;
			children = (
				5DCF6DB51A07C2E900AF3715 /* Base */,
			);
			name = Main.storyboard;
			sourceTree = "<group>";
		};
		5DCF6DB91A07C2E900AF3715 /* LaunchScreen.xib */ = {
			isa = PBXVariantGroup;
			children = (
				5DCF6DBA1A07C2E900AF3715 /* Base */,
			);
			name = LaunchScreen.xib;
			sourceTree = "<group>";
		};
/* End PBXVariantGroup section */

/* Begin XCBuildConfiguration section */
		5DCF6DC81A07C2E900AF3715 /* Debug */ = {
			isa = XCBuildConfiguration;
			buildSettings = {
				ALWAYS_SEARCH_USER_PATHS = NO;
				CLANG_CXX_LANGUAGE_STANDARD = "gnu++0x";
				CLANG_CXX_LIBRARY = "libc++";
				CLANG_ENABLE_MODULES = YES;
				CLANG_ENABLE_OBJC_ARC = YES;
				CLANG_WARN_BOOL_CONVERSION = YES;
				CLANG_WARN_CONSTANT_CONVERSION = YES;
				CLANG_WARN_DIRECT_OBJC_ISA_USAGE = YES_ERROR;
				CLANG_WARN_EMPTY_BODY = YES;
				CLANG_WARN_ENUM_CONVERSION = YES;
				CLANG_WARN_INT_CONVERSION = YES;
				CLANG_WARN_OBJC_ROOT_CLASS = YES_ERROR;
				CLANG_WARN_UNREACHABLE_CODE = YES;
				CLANG_WARN__DUPLICATE_METHOD_MATCH = YES;
				"CODE_SIGN_IDENTITY[sdk=iphoneos*]" = "iPhone Developer";
				COPY_PHASE_STRIP = NO;
				ENABLE_STRICT_OBJC_MSGSEND = YES;
				GCC_C_LANGUAGE_STANDARD = gnu99;
				GCC_DYNAMIC_NO_PIC = NO;
				GCC_OPTIMIZATION_LEVEL = 0;
				GCC_PREPROCESSOR_DEFINITIONS = (
					"DEBUG=1",
					"$(inherited)",
				);
				GCC_SYMBOLS_PRIVATE_EXTERN = NO;
				GCC_WARN_64_TO_32_BIT_CONVERSION = YES;
				GCC_WARN_ABOUT_RETURN_TYPE = YES_ERROR;
				GCC_WARN_UNDECLARED_SELECTOR = YES;
				GCC_WARN_UNINITIALIZED_AUTOS = YES_AGGRESSIVE;
				GCC_WARN_UNUSED_FUNCTION = YES;
				GCC_WARN_UNUSED_VARIABLE = YES;
				IPHONEOS_DEPLOYMENT_TARGET = 8.1;
				MTL_ENABLE_DEBUG_INFO = YES;
				ONLY_ACTIVE_ARCH = YES;
				SDKROOT = iphoneos;
				SWIFT_OPTIMIZATION_LEVEL = "-Onone";
			};
			name = Debug;
		};
		5DCF6DC91A07C2E900AF3715 /* Release */ = {
			isa = XCBuildConfiguration;
			buildSettings = {
				ALWAYS_SEARCH_USER_PATHS = NO;
				CLANG_CXX_LANGUAGE_STANDARD = "gnu++0x";
				CLANG_CXX_LIBRARY = "libc++";
				CLANG_ENABLE_MODULES = YES;
				CLANG_ENABLE_OBJC_ARC = YES;
				CLANG_WARN_BOOL_CONVERSION = YES;
				CLANG_WARN_CONSTANT_CONVERSION = YES;
				CLANG_WARN_DIRECT_OBJC_ISA_USAGE = YES_ERROR;
				CLANG_WARN_EMPTY_BODY = YES;
				CLANG_WARN_ENUM_CONVERSION = YES;
				CLANG_WARN_INT_CONVERSION = YES;
				CLANG_WARN_OBJC_ROOT_CLASS = YES_ERROR;
				CLANG_WARN_UNREACHABLE_CODE = YES;
				CLANG_WARN__DUPLICATE_METHOD_MATCH = YES;
				"CODE_SIGN_IDENTITY[sdk=iphoneos*]" = "iPhone Developer";
				COPY_PHASE_STRIP = YES;
				ENABLE_NS_ASSERTIONS = NO;
				ENABLE_STRICT_OBJC_MSGSEND = YES;
				GCC_C_LANGUAGE_STANDARD = gnu99;
				GCC_WARN_64_TO_32_BIT_CONVERSION = YES;
				GCC_WARN_ABOUT_RETURN_TYPE = YES_ERROR;
				GCC_WARN_UNDECLARED_SELECTOR = YES;
				GCC_WARN_UNINITIALIZED_AUTOS = YES_AGGRESSIVE;
				GCC_WARN_UNUSED_FUNCTION = YES;
				GCC_WARN_UNUSED_VARIABLE = YES;
				IPHONEOS_DEPLOYMENT_TARGET = 8.1;
				MTL_ENABLE_DEBUG_INFO = NO;
				SDKROOT = iphoneos;
				VALIDATE_PRODUCT = YES;
			};
			name = Release;
		};
		5DCF6DCB1A07C2E900AF3715 /* Debug */ = {
			isa = XCBuildConfiguration;
			buildSettings = {
				ASSETCATALOG_COMPILER_APPICON_NAME = AppIcon;
				INFOPLIST_FILE = Ng354_P6/Info.plist;
				LD_RUNPATH_SEARCH_PATHS = "$(inherited) @executable_path/Frameworks";
				PRODUCT_NAME = "$(TARGET_NAME)";
			};
			name = Debug;
		};
		5DCF6DCC1A07C2E900AF3715 /* Release */ = {
			isa = XCBuildConfiguration;
			buildSettings = {
				ASSETCATALOG_COMPILER_APPICON_NAME = AppIcon;
				INFOPLIST_FILE = Ng354_P6/Info.plist;
				LD_RUNPATH_SEARCH_PATHS = "$(inherited) @executable_path/Frameworks";
				PRODUCT_NAME = "$(TARGET_NAME)";
			};
			name = Release;
		};
		5DCF6DCE1A07C2E900AF3715 /* Debug */ = {
			isa = XCBuildConfiguration;
			buildSettings = {
				BUNDLE_LOADER = "$(TEST_HOST)";
				FRAMEWORK_SEARCH_PATHS = (
					"$(SDKROOT)/Developer/Library/Frameworks",
					"$(inherited)",
				);
				GCC_PREPROCESSOR_DEFINITIONS = (
					"DEBUG=1",
					"$(inherited)",
				);
				INFOPLIST_FILE = Ng354_P6Tests/Info.plist;
				LD_RUNPATH_SEARCH_PATHS = "$(inherited) @executable_path/Frameworks @loader_path/Frameworks";
				PRODUCT_NAME = "$(TARGET_NAME)";
				TEST_HOST = "$(BUILT_PRODUCTS_DIR)/Ng354_P6.app/Ng354_P6";
			};
			name = Debug;
		};
		5DCF6DCF1A07C2E900AF3715 /* Release */ = {
			isa = XCBuildConfiguration;
			buildSettings = {
				BUNDLE_LOADER = "$(TEST_HOST)";
				FRAMEWORK_SEARCH_PATHS = (
					"$(SDKROOT)/Developer/Library/Frameworks",
					"$(inherited)",
				);
				INFOPLIST_FILE = Ng354_P6Tests/Info.plist;
				LD_RUNPATH_SEARCH_PATHS = "$(inherited) @executable_path/Frameworks @loader_path/Frameworks";
				PRODUCT_NAME = "$(TARGET_NAME)";
				TEST_HOST = "$(BUILT_PRODUCTS_DIR)/Ng354_P6.app/Ng354_P6";
			};
			name = Release;
		};
/* End XCBuildConfiguration section */

/* Begin XCConfigurationList section */
		5DCF6DA61A07C2E800AF3715 /* Build configuration list for PBXProject "Ng354_P6" */ = {
			isa = XCConfigurationList;
			buildConfigurations = (
				5DCF6DC81A07C2E900AF3715 /* Debug */,
				5DCF6DC91A07C2E900AF3715 /* Release */,
			);
			defaultConfigurationIsVisible = 0;
			defaultConfigurationName = Release;
		};
		5DCF6DCA1A07C2E900AF3715 /* Build configuration list for PBXNativeTarget "Ng354_P6" */ = {
			isa = XCConfigurationList;
			buildConfigurations = (
				5DCF6DCB1A07C2E900AF3715 /* Debug */,
				5DCF6DCC1A07C2E900AF3715 /* Release */,
			);
			defaultConfigurationIsVisible = 0;
		};
		5DCF6DCD1A07C2E900AF3715 /* Build configuration list for PBXNativeTarget "Ng354_P6Tests" */ = {
			isa = XCConfigurationList;
			buildConfigurations = (
				5DCF6DCE1A07C2E900AF3715 /* Debug */,
				5DCF6DCF1A07C2E900AF3715 /* Release */,
			);
			defaultConfigurationIsVisible = 0;
		};
/* End XCConfigurationList section */
	};
	rootObject = 5DCF6DA31A07C2E800AF3715 /* Project object */;
}
